
Microsoft Visual Studio Solution File, Format Version 12.00
# Visual Studio 15
VisualStudioVersion = 15.0.28010.2048
MinimumVisualStudioVersion = 10.0.40219.1
Project("{2150E333-8FDC-42A3-9474-1A3956D46DE8}") = "Feature", "Feature", "{9894420E-CC84-4C15-812C-08C54FF2FDD9}"
EndProject
Project("{2150E333-8FDC-42A3-9474-1A3956D46DE8}") = "Configuration", "Configuration", "{6243EBB9-BB89-47EF-97B7-E99CE10286C8}"
EndProject
Project("{2150E333-8FDC-42A3-9474-1A3956D46DE8}") = "Foundation", "Foundation", "{A85A3B74-813B-4588-836A-245E8F4DA854}"
EndProject
Project("{2150E333-8FDC-42A3-9474-1A3956D46DE8}") = "Project", "Project", "{067942D9-74B1-45D6-BEE1-073C691A4F0C}"
EndProject
Project("{FAE04EC0-301F-11D3-BF4B-00C04F79EFBC}") = "Wageworks.Feature.Navigation", "src\Feature\Navigation\code\Wageworks.Feature.Navigation.csproj", "{16003E7F-0FAF-4DEE-B13D-DD327E965A98}"
EndProject
Project("{FAE04EC0-301F-11D3-BF4B-00C04F79EFBC}") = "Wageworks.Feature.News", "src\Feature\News\code\Wageworks.Feature.News.csproj", "{1AAD6F22-9B6D-4688-8EA5-1AE7044031F7}"
EndProject
Project("{2150E333-8FDC-42A3-9474-1A3956D46DE8}") = "Navigation", "Navigation", "{0F68DCF0-216D-468F-B52A-B92533F87057}"
EndProject
Project("{2150E333-8FDC-42A3-9474-1A3956D46DE8}") = "News", "News", "{2F17FABF-8494-42F2-B2EC-882EF1BA14DB}"
EndProject
Project("{FAE04EC0-301F-11D3-BF4B-00C04F79EFBC}") = "Wageworks.Foundation.DependencyInjection", "src\Foundation\DependencyInjection\code\Wageworks.Foundation.DependencyInjection.csproj", "{366148B7-2392-4F42-80D6-786B7A3682AE}"
EndProject
Project("{2150E333-8FDC-42A3-9474-1A3956D46DE8}") = "DependencyInjection", "DependencyInjection", "{4D0F6E8A-E9E2-4007-89A5-D50CEDA6EB94}"
EndProject
Project("{FAE04EC0-301F-11D3-BF4B-00C04F79EFBC}") = "Wageworks.Foundation.Serialization", "src\Foundation\Serialization\code\Wageworks.Foundation.Serialization.csproj", "{007CD5DC-0030-460D-91A3-3DDEA9AB472F}"
EndProject
Project("{FAE04EC0-301F-11D3-BF4B-00C04F79EFBC}") = "Wageworks.Foundation.SitecoreExtensions", "src\Foundation\SitecoreExtensions\code\Wageworks.Foundation.SitecoreExtensions.csproj", "{B535703F-8D07-4F23-A533-2974BB4CC7B1}"
EndProject
Project("{FAE04EC0-301F-11D3-BF4B-00C04F79EFBC}") = "Wageworks.Foundation.Solr.SpatialSearch", "src\Foundation\Solr\code\Wageworks.Foundation.Solr.SpatialSearch.csproj", "{7FE4E99D-8FFC-485B-AEDA-FF47D1141CD9}"
EndProject
Project("{2150E333-8FDC-42A3-9474-1A3956D46DE8}") = "Serialization", "Serialization", "{60BEAB96-F781-4AA3-A236-E3753B8144B4}"
EndProject
Project("{2150E333-8FDC-42A3-9474-1A3956D46DE8}") = "SitecoreExtensions", "SitecoreExtensions", "{41D00D94-F158-4A06-9BE8-19E0831CF586}"
EndProject
Project("{2150E333-8FDC-42A3-9474-1A3956D46DE8}") = "Solr", "Solr", "{52258488-4354-4F1E-9ED6-B4B94A1A0A62}"
EndProject
Project("{2150E333-8FDC-42A3-9474-1A3956D46DE8}") = "Metadata", "Metadata", "{8860C9A5-0FA9-4574-B9C0-BDBECF857537}"
EndProject
Project("{FAE04EC0-301F-11D3-BF4B-00C04F79EFBC}") = "Wageworks.Feature.Metadata", "src\Feature\Metadata\code\Wageworks.Feature.Metadata.csproj", "{2BBD157C-AD28-4055-A208-48A2DA93BD04}"
EndProject
Project("{2150E333-8FDC-42A3-9474-1A3956D46DE8}") = "Teasers", "Teasers", "{EBEF732A-194C-4C9C-AEDE-CB968989EF89}"
EndProject
Project("{FAE04EC0-301F-11D3-BF4B-00C04F79EFBC}") = "Wageworks.Feature.Teasers", "src\Feature\Teasers\code\Wageworks.Feature.Teasers.csproj", "{64C1C1EF-71CB-47BD-92F9-4E50CE35BD9F}"
EndProject
Project("{2150E333-8FDC-42A3-9474-1A3956D46DE8}") = "PageContent", "PageContent", "{0432E658-30C6-4B81-84A7-5A702D05847E}"
EndProject
Project("{FAE04EC0-301F-11D3-BF4B-00C04F79EFBC}") = "Wageworks.Feature.PageContent", "src\Feature\PageContent\code\Wageworks.Feature.PageContent.csproj", "{DA079E95-DB53-4A66-AB35-2DAB71D19276}"
EndProject
Project("{2150E333-8FDC-42A3-9474-1A3956D46DE8}") = "Dictionary", "Dictionary", "{177C1E16-085C-4C3C-B0AB-DF7F5DE9FD99}"
EndProject
Project("{FAE04EC0-301F-11D3-BF4B-00C04F79EFBC}") = "Wageworks.Foundation.Dictionary", "src\Foundation\Dictionary\code\Wageworks.Foundation.Dictionary.csproj", "{0D6BA4D8-C469-4AE9-9EBB-93BDF7D7E78F}"
EndProject
Project("{2150E333-8FDC-42A3-9474-1A3956D46DE8}") = "Theming", "Theming", "{EE83B9BE-D475-4B9E-8B30-E5B5A026EF6F}"
EndProject
Project("{FAE04EC0-301F-11D3-BF4B-00C04F79EFBC}") = "Wageworks.Foundation.Theming", "src\Foundation\Theming\code\Wageworks.Foundation.Theming.csproj", "{98DE0D1D-26F1-4CCA-847C-4E0FC2DBA5FC}"
EndProject
Project("{2150E333-8FDC-42A3-9474-1A3956D46DE8}") = "Multisite", "Multisite", "{D17C2FE7-26F7-4AF5-A284-2965572A714F}"
EndProject
Project("{FAE04EC0-301F-11D3-BF4B-00C04F79EFBC}") = "Wageworks.Foundation.Multisite", "src\Foundation\Multisite\code\Wageworks.Foundation.Multisite.csproj", "{CFA2AE87-7F8D-4CA6-BB72-B16380190DB7}"
EndProject
Project("{2150E333-8FDC-42A3-9474-1A3956D46DE8}") = "Assets", "Assets", "{A56ED64B-93DA-4580-9CB3-11A26BABFDCD}"
EndProject
Project("{FAE04EC0-301F-11D3-BF4B-00C04F79EFBC}") = "Wageworks.Foundation.Assets", "src\Foundation\Assets\code\Wageworks.Foundation.Assets.csproj", "{7E46FF93-EE05-412C-AC47-2A59A13DA73C}"
EndProject
Project("{2150E333-8FDC-42A3-9474-1A3956D46DE8}") = "Alerts", "Alerts", "{526BAAC2-87C8-4D00-B03A-AE37509255EE}"
EndProject
Project("{FAE04EC0-301F-11D3-BF4B-00C04F79EFBC}") = "Wageworks.Foundation.Alerts", "src\Foundation\Alerts\code\Wageworks.Foundation.Alerts.csproj", "{5CF5FA06-AB27-4DF5-A471-ED57EF3E4AE9}"
EndProject
Project("{2150E333-8FDC-42A3-9474-1A3956D46DE8}") = "Analytics", "Analytics", "{66695C87-3050-45CB-A3E9-69118697F558}"
EndProject
Project("{FAE04EC0-301F-11D3-BF4B-00C04F79EFBC}") = "Wageworks.Foundation.Analytics", "src\Foundation\Analytics\code\Wageworks.Foundation.Analytics.csproj", "{8CC446C0-EA2A-49BC-A73F-EE9FF64EA810}"
EndProject
Project("{2150E333-8FDC-42A3-9474-1A3956D46DE8}") = "WageWorks", "WageWorks", "{0ED49A14-57E9-4289-8918-1EA64B5FD6E4}"
EndProject
Project("{FAE04EC0-301F-11D3-BF4B-00C04F79EFBC}") = "WageWorks.Project.WageWorks", "src\Project\WageWorks\code\WageWorks.Project.WageWorks.csproj", "{6971556F-CDC5-46D3-A641-930491D3A2E5}"
EndProject
Global
	GlobalSection(SolutionConfigurationPlatforms) = preSolution
		CM|Any CPU = CM|Any CPU
		Debug|Any CPU = Debug|Any CPU
		Release|Any CPU = Release|Any CPU
	EndGlobalSection
	GlobalSection(ProjectConfigurationPlatforms) = postSolution
		{16003E7F-0FAF-4DEE-B13D-DD327E965A98}.CM|Any CPU.ActiveCfg = Release|Any CPU
		{16003E7F-0FAF-4DEE-B13D-DD327E965A98}.CM|Any CPU.Build.0 = Release|Any CPU
		{16003E7F-0FAF-4DEE-B13D-DD327E965A98}.Debug|Any CPU.ActiveCfg = Debug|Any CPU
		{16003E7F-0FAF-4DEE-B13D-DD327E965A98}.Debug|Any CPU.Build.0 = Debug|Any CPU
		{16003E7F-0FAF-4DEE-B13D-DD327E965A98}.Release|Any CPU.ActiveCfg = Release|Any CPU
		{16003E7F-0FAF-4DEE-B13D-DD327E965A98}.Release|Any CPU.Build.0 = Release|Any CPU
		{1AAD6F22-9B6D-4688-8EA5-1AE7044031F7}.CM|Any CPU.ActiveCfg = Release|Any CPU
		{1AAD6F22-9B6D-4688-8EA5-1AE7044031F7}.CM|Any CPU.Build.0 = Release|Any CPU
		{1AAD6F22-9B6D-4688-8EA5-1AE7044031F7}.Debug|Any CPU.ActiveCfg = Debug|Any CPU
		{1AAD6F22-9B6D-4688-8EA5-1AE7044031F7}.Debug|Any CPU.Build.0 = Debug|Any CPU
		{1AAD6F22-9B6D-4688-8EA5-1AE7044031F7}.Release|Any CPU.ActiveCfg = Release|Any CPU
		{1AAD6F22-9B6D-4688-8EA5-1AE7044031F7}.Release|Any CPU.Build.0 = Release|Any CPU
		{366148B7-2392-4F42-80D6-786B7A3682AE}.CM|Any CPU.ActiveCfg = Release|Any CPU
		{366148B7-2392-4F42-80D6-786B7A3682AE}.CM|Any CPU.Build.0 = Release|Any CPU
		{366148B7-2392-4F42-80D6-786B7A3682AE}.Debug|Any CPU.ActiveCfg = Debug|Any CPU
		{366148B7-2392-4F42-80D6-786B7A3682AE}.Debug|Any CPU.Build.0 = Debug|Any CPU
		{366148B7-2392-4F42-80D6-786B7A3682AE}.Release|Any CPU.ActiveCfg = Release|Any CPU
		{366148B7-2392-4F42-80D6-786B7A3682AE}.Release|Any CPU.Build.0 = Release|Any CPU
		{007CD5DC-0030-460D-91A3-3DDEA9AB472F}.CM|Any CPU.ActiveCfg = Release|Any CPU
		{007CD5DC-0030-460D-91A3-3DDEA9AB472F}.CM|Any CPU.Build.0 = Release|Any CPU
		{007CD5DC-0030-460D-91A3-3DDEA9AB472F}.Debug|Any CPU.ActiveCfg = Debug|Any CPU
		{007CD5DC-0030-460D-91A3-3DDEA9AB472F}.Debug|Any CPU.Build.0 = Debug|Any CPU
		{007CD5DC-0030-460D-91A3-3DDEA9AB472F}.Release|Any CPU.ActiveCfg = Release|Any CPU
		{007CD5DC-0030-460D-91A3-3DDEA9AB472F}.Release|Any CPU.Build.0 = Release|Any CPU
		{B535703F-8D07-4F23-A533-2974BB4CC7B1}.CM|Any CPU.ActiveCfg = Release|Any CPU
		{B535703F-8D07-4F23-A533-2974BB4CC7B1}.CM|Any CPU.Build.0 = Release|Any CPU
		{B535703F-8D07-4F23-A533-2974BB4CC7B1}.Debug|Any CPU.ActiveCfg = Debug|Any CPU
		{B535703F-8D07-4F23-A533-2974BB4CC7B1}.Debug|Any CPU.Build.0 = Debug|Any CPU
		{B535703F-8D07-4F23-A533-2974BB4CC7B1}.Release|Any CPU.ActiveCfg = Release|Any CPU
		{B535703F-8D07-4F23-A533-2974BB4CC7B1}.Release|Any CPU.Build.0 = Release|Any CPU
		{7FE4E99D-8FFC-485B-AEDA-FF47D1141CD9}.CM|Any CPU.ActiveCfg = Release|Any CPU
		{7FE4E99D-8FFC-485B-AEDA-FF47D1141CD9}.CM|Any CPU.Build.0 = Release|Any CPU
		{7FE4E99D-8FFC-485B-AEDA-FF47D1141CD9}.Debug|Any CPU.ActiveCfg = Debug|Any CPU
		{7FE4E99D-8FFC-485B-AEDA-FF47D1141CD9}.Debug|Any CPU.Build.0 = Debug|Any CPU
		{7FE4E99D-8FFC-485B-AEDA-FF47D1141CD9}.Release|Any CPU.ActiveCfg = Release|Any CPU
		{7FE4E99D-8FFC-485B-AEDA-FF47D1141CD9}.Release|Any CPU.Build.0 = Release|Any CPU
		{2BBD157C-AD28-4055-A208-48A2DA93BD04}.CM|Any CPU.ActiveCfg = Release|Any CPU
		{2BBD157C-AD28-4055-A208-48A2DA93BD04}.CM|Any CPU.Build.0 = Release|Any CPU
		{2BBD157C-AD28-4055-A208-48A2DA93BD04}.Debug|Any CPU.ActiveCfg = Debug|Any CPU
		{2BBD157C-AD28-4055-A208-48A2DA93BD04}.Debug|Any CPU.Build.0 = Debug|Any CPU
		{2BBD157C-AD28-4055-A208-48A2DA93BD04}.Release|Any CPU.ActiveCfg = Release|Any CPU
		{2BBD157C-AD28-4055-A208-48A2DA93BD04}.Release|Any CPU.Build.0 = Release|Any CPU
		{64C1C1EF-71CB-47BD-92F9-4E50CE35BD9F}.CM|Any CPU.ActiveCfg = Release|Any CPU
		{64C1C1EF-71CB-47BD-92F9-4E50CE35BD9F}.CM|Any CPU.Build.0 = Release|Any CPU
		{64C1C1EF-71CB-47BD-92F9-4E50CE35BD9F}.Debug|Any CPU.ActiveCfg = Debug|Any CPU
		{64C1C1EF-71CB-47BD-92F9-4E50CE35BD9F}.Debug|Any CPU.Build.0 = Debug|Any CPU
		{64C1C1EF-71CB-47BD-92F9-4E50CE35BD9F}.Release|Any CPU.ActiveCfg = Release|Any CPU
		{64C1C1EF-71CB-47BD-92F9-4E50CE35BD9F}.Release|Any CPU.Build.0 = Release|Any CPU
		{DA079E95-DB53-4A66-AB35-2DAB71D19276}.CM|Any CPU.ActiveCfg = Release|Any CPU
		{DA079E95-DB53-4A66-AB35-2DAB71D19276}.CM|Any CPU.Build.0 = Release|Any CPU
		{DA079E95-DB53-4A66-AB35-2DAB71D19276}.Debug|Any CPU.ActiveCfg = Debug|Any CPU
		{DA079E95-DB53-4A66-AB35-2DAB71D19276}.Debug|Any CPU.Build.0 = Debug|Any CPU
		{DA079E95-DB53-4A66-AB35-2DAB71D19276}.Release|Any CPU.ActiveCfg = Release|Any CPU
		{DA079E95-DB53-4A66-AB35-2DAB71D19276}.Release|Any CPU.Build.0 = Release|Any CPU
		{0D6BA4D8-C469-4AE9-9EBB-93BDF7D7E78F}.CM|Any CPU.ActiveCfg = Release|Any CPU
		{0D6BA4D8-C469-4AE9-9EBB-93BDF7D7E78F}.CM|Any CPU.Build.0 = Release|Any CPU
		{0D6BA4D8-C469-4AE9-9EBB-93BDF7D7E78F}.Debug|Any CPU.ActiveCfg = Debug|Any CPU
		{0D6BA4D8-C469-4AE9-9EBB-93BDF7D7E78F}.Debug|Any CPU.Build.0 = Debug|Any CPU
		{0D6BA4D8-C469-4AE9-9EBB-93BDF7D7E78F}.Release|Any CPU.ActiveCfg = Release|Any CPU
		{0D6BA4D8-C469-4AE9-9EBB-93BDF7D7E78F}.Release|Any CPU.Build.0 = Release|Any CPU
		{98DE0D1D-26F1-4CCA-847C-4E0FC2DBA5FC}.CM|Any CPU.ActiveCfg = Release|Any CPU
		{98DE0D1D-26F1-4CCA-847C-4E0FC2DBA5FC}.CM|Any CPU.Build.0 = Release|Any CPU
		{98DE0D1D-26F1-4CCA-847C-4E0FC2DBA5FC}.Debug|Any CPU.ActiveCfg = Debug|Any CPU
		{98DE0D1D-26F1-4CCA-847C-4E0FC2DBA5FC}.Debug|Any CPU.Build.0 = Debug|Any CPU
		{98DE0D1D-26F1-4CCA-847C-4E0FC2DBA5FC}.Release|Any CPU.ActiveCfg = Release|Any CPU
		{98DE0D1D-26F1-4CCA-847C-4E0FC2DBA5FC}.Release|Any CPU.Build.0 = Release|Any CPU
		{CFA2AE87-7F8D-4CA6-BB72-B16380190DB7}.CM|Any CPU.ActiveCfg = Release|Any CPU
		{CFA2AE87-7F8D-4CA6-BB72-B16380190DB7}.CM|Any CPU.Build.0 = Release|Any CPU
		{CFA2AE87-7F8D-4CA6-BB72-B16380190DB7}.Debug|Any CPU.ActiveCfg = Debug|Any CPU
		{CFA2AE87-7F8D-4CA6-BB72-B16380190DB7}.Debug|Any CPU.Build.0 = Debug|Any CPU
		{CFA2AE87-7F8D-4CA6-BB72-B16380190DB7}.Release|Any CPU.ActiveCfg = Release|Any CPU
		{CFA2AE87-7F8D-4CA6-BB72-B16380190DB7}.Release|Any CPU.Build.0 = Release|Any CPU
		{7E46FF93-EE05-412C-AC47-2A59A13DA73C}.CM|Any CPU.ActiveCfg = Release|Any CPU
		{7E46FF93-EE05-412C-AC47-2A59A13DA73C}.CM|Any CPU.Build.0 = Release|Any CPU
		{7E46FF93-EE05-412C-AC47-2A59A13DA73C}.Debug|Any CPU.ActiveCfg = Debug|Any CPU
		{7E46FF93-EE05-412C-AC47-2A59A13DA73C}.Debug|Any CPU.Build.0 = Debug|Any CPU
		{7E46FF93-EE05-412C-AC47-2A59A13DA73C}.Release|Any CPU.ActiveCfg = Release|Any CPU
		{7E46FF93-EE05-412C-AC47-2A59A13DA73C}.Release|Any CPU.Build.0 = Release|Any CPU
		{5CF5FA06-AB27-4DF5-A471-ED57EF3E4AE9}.CM|Any CPU.ActiveCfg = Release|Any CPU
		{5CF5FA06-AB27-4DF5-A471-ED57EF3E4AE9}.CM|Any CPU.Build.0 = Release|Any CPU
		{5CF5FA06-AB27-4DF5-A471-ED57EF3E4AE9}.Debug|Any CPU.ActiveCfg = Debug|Any CPU
		{5CF5FA06-AB27-4DF5-A471-ED57EF3E4AE9}.Debug|Any CPU.Build.0 = Debug|Any CPU
		{5CF5FA06-AB27-4DF5-A471-ED57EF3E4AE9}.Release|Any CPU.ActiveCfg = Release|Any CPU
		{5CF5FA06-AB27-4DF5-A471-ED57EF3E4AE9}.Release|Any CPU.Build.0 = Release|Any CPU
		{8CC446C0-EA2A-49BC-A73F-EE9FF64EA810}.CM|Any CPU.ActiveCfg = CM|Any CPU
		{8CC446C0-EA2A-49BC-A73F-EE9FF64EA810}.CM|Any CPU.Build.0 = CM|Any CPU
		{8CC446C0-EA2A-49BC-A73F-EE9FF64EA810}.Debug|Any CPU.ActiveCfg = Debug|Any CPU
		{8CC446C0-EA2A-49BC-A73F-EE9FF64EA810}.Debug|Any CPU.Build.0 = Debug|Any CPU
		{8CC446C0-EA2A-49BC-A73F-EE9FF64EA810}.Release|Any CPU.ActiveCfg = Release|Any CPU
		{8CC446C0-EA2A-49BC-A73F-EE9FF64EA810}.Release|Any CPU.Build.0 = Release|Any CPU
		{6971556F-CDC5-46D3-A641-930491D3A2E5}.CM|Any CPU.ActiveCfg = Release|Any CPU
		{6971556F-CDC5-46D3-A641-930491D3A2E5}.CM|Any CPU.Build.0 = Release|Any CPU
		{6971556F-CDC5-46D3-A641-930491D3A2E5}.Debug|Any CPU.ActiveCfg = Debug|Any CPU
		{6971556F-CDC5-46D3-A641-930491D3A2E5}.Debug|Any CPU.Build.0 = Debug|Any CPU
		{6971556F-CDC5-46D3-A641-930491D3A2E5}.Release|Any CPU.ActiveCfg = Release|Any CPU
		{6971556F-CDC5-46D3-A641-930491D3A2E5}.Release|Any CPU.Build.0 = Release|Any CPU
	EndGlobalSection
	GlobalSection(SolutionProperties) = preSolution
		HideSolutionNode = FALSE
	EndGlobalSection
	GlobalSection(NestedProjects) = preSolution
		{16003E7F-0FAF-4DEE-B13D-DD327E965A98} = {0F68DCF0-216D-468F-B52A-B92533F87057}
		{1AAD6F22-9B6D-4688-8EA5-1AE7044031F7} = {2F17FABF-8494-42F2-B2EC-882EF1BA14DB}
		{0F68DCF0-216D-468F-B52A-B92533F87057} = {9894420E-CC84-4C15-812C-08C54FF2FDD9}
		{2F17FABF-8494-42F2-B2EC-882EF1BA14DB} = {9894420E-CC84-4C15-812C-08C54FF2FDD9}
		{366148B7-2392-4F42-80D6-786B7A3682AE} = {4D0F6E8A-E9E2-4007-89A5-D50CEDA6EB94}
		{4D0F6E8A-E9E2-4007-89A5-D50CEDA6EB94} = {A85A3B74-813B-4588-836A-245E8F4DA854}
		{007CD5DC-0030-460D-91A3-3DDEA9AB472F} = {60BEAB96-F781-4AA3-A236-E3753B8144B4}
		{B535703F-8D07-4F23-A533-2974BB4CC7B1} = {41D00D94-F158-4A06-9BE8-19E0831CF586}
		{7FE4E99D-8FFC-485B-AEDA-FF47D1141CD9} = {52258488-4354-4F1E-9ED6-B4B94A1A0A62}
		{60BEAB96-F781-4AA3-A236-E3753B8144B4} = {A85A3B74-813B-4588-836A-245E8F4DA854}
		{41D00D94-F158-4A06-9BE8-19E0831CF586} = {A85A3B74-813B-4588-836A-245E8F4DA854}
		{52258488-4354-4F1E-9ED6-B4B94A1A0A62} = {A85A3B74-813B-4588-836A-245E8F4DA854}
		{8860C9A5-0FA9-4574-B9C0-BDBECF857537} = {9894420E-CC84-4C15-812C-08C54FF2FDD9}
		{2BBD157C-AD28-4055-A208-48A2DA93BD04} = {8860C9A5-0FA9-4574-B9C0-BDBECF857537}
		{EBEF732A-194C-4C9C-AEDE-CB968989EF89} = {9894420E-CC84-4C15-812C-08C54FF2FDD9}
		{64C1C1EF-71CB-47BD-92F9-4E50CE35BD9F} = {EBEF732A-194C-4C9C-AEDE-CB968989EF89}
		{0432E658-30C6-4B81-84A7-5A702D05847E} = {9894420E-CC84-4C15-812C-08C54FF2FDD9}
		{DA079E95-DB53-4A66-AB35-2DAB71D19276} = {0432E658-30C6-4B81-84A7-5A702D05847E}
		{177C1E16-085C-4C3C-B0AB-DF7F5DE9FD99} = {A85A3B74-813B-4588-836A-245E8F4DA854}
		{0D6BA4D8-C469-4AE9-9EBB-93BDF7D7E78F} = {177C1E16-085C-4C3C-B0AB-DF7F5DE9FD99}
		{EE83B9BE-D475-4B9E-8B30-E5B5A026EF6F} = {A85A3B74-813B-4588-836A-245E8F4DA854}
		{98DE0D1D-26F1-4CCA-847C-4E0FC2DBA5FC} = {EE83B9BE-D475-4B9E-8B30-E5B5A026EF6F}
		{D17C2FE7-26F7-4AF5-A284-2965572A714F} = {A85A3B74-813B-4588-836A-245E8F4DA854}
		{CFA2AE87-7F8D-4CA6-BB72-B16380190DB7} = {D17C2FE7-26F7-4AF5-A284-2965572A714F}
		{A56ED64B-93DA-4580-9CB3-11A26BABFDCD} = {A85A3B74-813B-4588-836A-245E8F4DA854}
		{7E46FF93-EE05-412C-AC47-2A59A13DA73C} = {A56ED64B-93DA-4580-9CB3-11A26BABFDCD}
		{526BAAC2-87C8-4D00-B03A-AE37509255EE} = {A85A3B74-813B-4588-836A-245E8F4DA854}
		{5CF5FA06-AB27-4DF5-A471-ED57EF3E4AE9} = {526BAAC2-87C8-4D00-B03A-AE37509255EE}
		{66695C87-3050-45CB-A3E9-69118697F558} = {A85A3B74-813B-4588-836A-245E8F4DA854}
		{8CC446C0-EA2A-49BC-A73F-EE9FF64EA810} = {66695C87-3050-45CB-A3E9-69118697F558}
		{0ED49A14-57E9-4289-8918-1EA64B5FD6E4} = {067942D9-74B1-45D6-BEE1-073C691A4F0C}
		{6971556F-CDC5-46D3-A641-930491D3A2E5} = {0ED49A14-57E9-4289-8918-1EA64B5FD6E4}
	EndGlobalSection
	GlobalSection(ExtensibilityGlobals) = postSolution
		SolutionGuid = {BDD41E47-F7E6-4DAC-BCDD-FC081D4A9D98}
	EndGlobalSection
EndGlobal
